
Microsoft Visual Studio Solution File, Format Version 12.00
# Visual Studio Version 17
VisualStudioVersion = 17.0.31903.59
MinimumVisualStudioVersion = 10.0.40219.1
Project("{FAE04EC0-301F-11D3-BF4B-00C04F79EFBC}") = "RequireTechTest.TestExam", "RequireTechTest.TechExam\RequireTechTest.TestExam.csproj", "{46D36732-4EFB-4AF7-A359-63ACC6BE88D0}"
EndProject
Project("{FAE04EC0-301F-11D3-BF4B-00C04F79EFBC}") = "RequireTechTest.TechExam.Tests", "RequireTechTest.TechExam.Tests\RequireTechTest.TechExam.Tests.csproj", "{1276A330-6226-4932-8CC5-248DEA4E3B77}"
EndProject
Global
	GlobalSection(SolutionConfigurationPlatforms) = preSolution
		Debug|Any CPU = Debug|Any CPU
		Release|Any CPU = Release|Any CPU
	EndGlobalSection
	GlobalSection(SolutionProperties) = preSolution
		HideSolutionNode = FALSE
	EndGlobalSection
	GlobalSection(ProjectConfigurationPlatforms) = postSolution
		{46D36732-4EFB-4AF7-A359-63ACC6BE88D0}.Debug|Any CPU.ActiveCfg = Debug|Any CPU
		{46D36732-4EFB-4AF7-A359-63ACC6BE88D0}.Debug|Any CPU.Build.0 = Debug|Any CPU
		{46D36732-4EFB-4AF7-A359-63ACC6BE88D0}.Release|Any CPU.ActiveCfg = Release|Any CPU
		{46D36732-4EFB-4AF7-A359-63ACC6BE88D0}.Release|Any CPU.Build.0 = Release|Any CPU
		{1276A330-6226-4932-8CC5-248DEA4E3B77}.Debug|Any CPU.ActiveCfg = Debug|Any CPU
		{1276A330-6226-4932-8CC5-248DEA4E3B77}.Debug|Any CPU.Build.0 = Debug|Any CPU
		{1276A330-6226-4932-8CC5-248DEA4E3B77}.Release|Any CPU.ActiveCfg = Release|Any CPU
		{1276A330-6226-4932-8CC5-248DEA4E3B77}.Release|Any CPU.Build.0 = Release|Any CPU
	EndGlobalSection
EndGlobal
